
Microsoft Visual Studio Solution File, Format Version 12.00
# Visual Studio Version 17
VisualStudioVersion = 17.4.33403.182
MinimumVisualStudioVersion = 10.0.40219.1
Project("{9A19103F-16F7-4668-BE54-9A1E7A4F7556}") = "Livroteria-back", "Livroteria-back\Livroteria-back.csproj", "{DA02AF25-EFD5-454F-8E8A-4D249CFAA661}"
EndProject
Global
	GlobalSection(SolutionConfigurationPlatforms) = preSolution
		Debug|Any CPU = Debug|Any CPU
		Release|Any CPU = Release|Any CPU
	EndGlobalSection
	GlobalSection(ProjectConfigurationPlatforms) = postSolution
		{DA02AF25-EFD5-454F-8E8A-4D249CFAA661}.Debug|Any CPU.ActiveCfg = Debug|Any CPU
		{DA02AF25-EFD5-454F-8E8A-4D249CFAA661}.Debug|Any CPU.Build.0 = Debug|Any CPU
		{DA02AF25-EFD5-454F-8E8A-4D249CFAA661}.Release|Any CPU.ActiveCfg = Release|Any CPU
		{DA02AF25-EFD5-454F-8E8A-4D249CFAA661}.Release|Any CPU.Build.0 = Release|Any CPU
	EndGlobalSection
	GlobalSection(SolutionProperties) = preSolution
		HideSolutionNode = FALSE
	EndGlobalSection
	GlobalSection(ExtensibilityGlobals) = postSolution
		SolutionGuid = {0A3E0023-4F50-4B7E-B4A6-3289ACAE3A7E}
	EndGlobalSection
EndGlobal
